
Microsoft Visual Studio Solution File, Format Version 12.00
# Visual Studio Version 16
VisualStudioVersion = 16.0.31112.23
MinimumVisualStudioVersion = 10.0.40219.1
Project("{FAE04EC0-301F-11D3-BF4B-00C04F79EFBC}") = "ResortProjectAPI", "ResortProjectAPI\ResortProjectAPI.csproj", "{A5841E5C-D2A4-4BC5-BF50-A12C04A3D0BC}"
EndProject
Global
	GlobalSection(SolutionConfigurationPlatforms) = preSolution
		Debug|Any CPU = Debug|Any CPU
		Release|Any CPU = Release|Any CPU
	EndGlobalSection
	GlobalSection(ProjectConfigurationPlatforms) = postSolution
		{A5841E5C-D2A4-4BC5-BF50-A12C04A3D0BC}.Debug|Any CPU.ActiveCfg = Debug|Any CPU
		{A5841E5C-D2A4-4BC5-BF50-A12C04A3D0BC}.Debug|Any CPU.Build.0 = Debug|Any CPU
		{A5841E5C-D2A4-4BC5-BF50-A12C04A3D0BC}.Release|Any CPU.ActiveCfg = Release|Any CPU
		{A5841E5C-D2A4-4BC5-BF50-A12C04A3D0BC}.Release|Any CPU.Build.0 = Release|Any CPU
	EndGlobalSection
	GlobalSection(SolutionProperties) = preSolution
		HideSolutionNode = FALSE
	EndGlobalSection
	GlobalSection(ExtensibilityGlobals) = postSolution
		SolutionGuid = {7B9F4723-A704-47FE-A823-E053B73938AB}
	EndGlobalSection
EndGlobal
